
Microsoft Visual Studio Solution File, Format Version 12.00
# Visual Studio 15
VisualStudioVersion = 15.0.28307.271
MinimumVisualStudioVersion = 10.0.40219.1
Project("{9A19103F-16F7-4668-BE54-9A1E7A4F7556}") = "ConsoleApp1", "ConsoleApp1\ConsoleApp1.csproj", "{67E87CAA-CD59-43D5-B695-3EE9D6DA6A7A}"
EndProject
Project("{9A19103F-16F7-4668-BE54-9A1E7A4F7556}") = "BouncyCastle_1.8.3", "BouncyCastle_1.8.3\BouncyCastle_1.8.3.csproj", "{AE3428F6-D184-46F8-8A97-4CBEDDEE5CA5}"
EndProject
Global
	GlobalSection(SolutionConfigurationPlatforms) = preSolution
		Debug|Any CPU = Debug|Any CPU
		Release|Any CPU = Release|Any CPU
	EndGlobalSection
	GlobalSection(ProjectConfigurationPlatforms) = postSolution
		{67E87CAA-CD59-43D5-B695-3EE9D6DA6A7A}.Debug|Any CPU.ActiveCfg = Debug|Any CPU
		{67E87CAA-CD59-43D5-B695-3EE9D6DA6A7A}.Debug|Any CPU.Build.0 = Debug|Any CPU
		{67E87CAA-CD59-43D5-B695-3EE9D6DA6A7A}.Release|Any CPU.ActiveCfg = Release|Any CPU
		{67E87CAA-CD59-43D5-B695-3EE9D6DA6A7A}.Release|Any CPU.Build.0 = Release|Any CPU
		{AE3428F6-D184-46F8-8A97-4CBEDDEE5CA5}.Debug|Any CPU.ActiveCfg = Debug|Any CPU
		{AE3428F6-D184-46F8-8A97-4CBEDDEE5CA5}.Debug|Any CPU.Build.0 = Debug|Any CPU
		{AE3428F6-D184-46F8-8A97-4CBEDDEE5CA5}.Release|Any CPU.ActiveCfg = Release|Any CPU
		{AE3428F6-D184-46F8-8A97-4CBEDDEE5CA5}.Release|Any CPU.Build.0 = Release|Any CPU
	EndGlobalSection
	GlobalSection(SolutionProperties) = preSolution
		HideSolutionNode = FALSE
	EndGlobalSection
	GlobalSection(ExtensibilityGlobals) = postSolution
		SolutionGuid = {79B6B1FE-5472-4DB8-92E6-D254263F7528}
	EndGlobalSection
EndGlobal
